// !$*UTF8*$!
{
	archiveVersion = 1;
	classes = {
	};
	objectVersion = 56;
	objects = {

/* Begin PBXBuildFile section */
		5A22942E2AD4CB4D00A2EF46 /* URL+CustomTypes.swift in Sources */ = {isa = PBXBuildFile; fileRef = 5A4A0C2B2AD259C100D1E84C /* URL+CustomTypes.swift */; };
		5A22942F2AD4CB4D00A2EF46 /* FilterUtils.swift in Sources */ = {isa = PBXBuildFile; fileRef = 5A4A0C2F2AD25A4F00D1E84C /* FilterUtils.swift */; };
		5A2294312AD4CB4D00A2EF46 /* WebFilter.swift in Sources */ = {isa = PBXBuildFile; fileRef = 5AD9CB022ABA1E150079CB55 /* WebFilter.swift */; };
		5A2294322AD4CB4D00A2EF46 /* APIClient.swift in Sources */ = {isa = PBXBuildFile; fileRef = 5AD9CB0D2ABB691D0079CB55 /* APIClient.swift */; };
		5A2294332AD4CB4D00A2EF46 /* Parser.swift in Sources */ = {isa = PBXBuildFile; fileRef = 5A4A0C232AD10EC300D1E84C /* Parser.swift */; };
		5A2294342AD4CB4D00A2EF46 /* Author.swift in Sources */ = {isa = PBXBuildFile; fileRef = 5AD9CB0F2ABB69E30079CB55 /* Author.swift */; };
		5A2294352AD4CB4D00A2EF46 /* Article.swift in Sources */ = {isa = PBXBuildFile; fileRef = 5AD9CB082ABB66080079CB55 /* Article.swift */; };
		5A2294362AD4CB4D00A2EF46 /* ArticleCategory.swift in Sources */ = {isa = PBXBuildFile; fileRef = 5AD9CB0A2ABB66230079CB55 /* ArticleCategory.swift */; };
		5A2294372AD4CB4D00A2EF46 /* MotherView.swift in Sources */ = {isa = PBXBuildFile; fileRef = 5AD9CAE72ABA198E0079CB55 /* MotherView.swift */; };
		5A2294382AD4CB4D00A2EF46 /* SkierScribblerApp.swift in Sources */ = {isa = PBXBuildFile; fileRef = 5AD9CAE62ABA198E0079CB55 /* SkierScribblerApp.swift */; };
		5A22943C2AD4CBBA00A2EF46 /* SwiftSoup in Frameworks */ = {isa = PBXBuildFile; productRef = 5A22943B2AD4CBBA00A2EF46 /* SwiftSoup */; };
		5A22943E2AD4F49D00A2EF46 /* ArticleListItem.swift in Sources */ = {isa = PBXBuildFile; fileRef = 5A22943D2AD4F49D00A2EF46 /* ArticleListItem.swift */; };
		5A2294412AD4FA4A00A2EF46 /* FontBlaster in Frameworks */ = {isa = PBXBuildFile; productRef = 5A2294402AD4FA4A00A2EF46 /* FontBlaster */; };
		5A2294452AD4FD7700A2EF46 /* Font+CustomFonts.swift in Sources */ = {isa = PBXBuildFile; fileRef = 5A2294442AD4FD7700A2EF46 /* Font+CustomFonts.swift */; };
		5A2294522AD5002600A2EF46 /* Rokkitt-Bold.ttf in Resources */ = {isa = PBXBuildFile; fileRef = 5A2294482AD5002600A2EF46 /* Rokkitt-Bold.ttf */; };
		5A2294532AD5002600A2EF46 /* SIL Open Font License.txt in Resources */ = {isa = PBXBuildFile; fileRef = 5A2294492AD5002600A2EF46 /* SIL Open Font License.txt */; };
		5A2294542AD5002600A2EF46 /* Rokkitt-Thin.ttf in Resources */ = {isa = PBXBuildFile; fileRef = 5A22944A2AD5002600A2EF46 /* Rokkitt-Thin.ttf */; };
		5A2294552AD5002600A2EF46 /* Rokkitt-ExtraBold.ttf in Resources */ = {isa = PBXBuildFile; fileRef = 5A22944B2AD5002600A2EF46 /* Rokkitt-ExtraBold.ttf */; };
		5A2294562AD5002600A2EF46 /* Rokkitt-Black.ttf in Resources */ = {isa = PBXBuildFile; fileRef = 5A22944C2AD5002600A2EF46 /* Rokkitt-Black.ttf */; };
		5A2294572AD5002600A2EF46 /* Rokkitt-Medium.ttf in Resources */ = {isa = PBXBuildFile; fileRef = 5A22944D2AD5002600A2EF46 /* Rokkitt-Medium.ttf */; };
		5A2294582AD5002600A2EF46 /* Rokkitt-Regular.ttf in Resources */ = {isa = PBXBuildFile; fileRef = 5A22944E2AD5002600A2EF46 /* Rokkitt-Regular.ttf */; };
		5A2294592AD5002600A2EF46 /* Rokkitt-ExtraLight.ttf in Resources */ = {isa = PBXBuildFile; fileRef = 5A22944F2AD5002600A2EF46 /* Rokkitt-ExtraLight.ttf */; };
		5A22945A2AD5002600A2EF46 /* Rokkitt-Light.ttf in Resources */ = {isa = PBXBuildFile; fileRef = 5A2294502AD5002600A2EF46 /* Rokkitt-Light.ttf */; };
		5A22945B2AD5002600A2EF46 /* Rokkitt-SemiBold.ttf in Resources */ = {isa = PBXBuildFile; fileRef = 5A2294512AD5002600A2EF46 /* Rokkitt-SemiBold.ttf */; };
		5A22946E2AD5010A00A2EF46 /* Alegreya-Italic-VariableFont_wght.ttf in Resources */ = {isa = PBXBuildFile; fileRef = 5A22945D2AD5010A00A2EF46 /* Alegreya-Italic-VariableFont_wght.ttf */; };
		5A22946F2AD5010A00A2EF46 /* Alegreya-Italic.ttf in Resources */ = {isa = PBXBuildFile; fileRef = 5A22945F2AD5010A00A2EF46 /* Alegreya-Italic.ttf */; };
		5A2294702AD5010A00A2EF46 /* Alegreya-ExtraBold.ttf in Resources */ = {isa = PBXBuildFile; fileRef = 5A2294602AD5010A00A2EF46 /* Alegreya-ExtraBold.ttf */; };
		5A2294712AD5010A00A2EF46 /* Alegreya-SemiBold.ttf in Resources */ = {isa = PBXBuildFile; fileRef = 5A2294612AD5010A00A2EF46 /* Alegreya-SemiBold.ttf */; };
		5A2294722AD5010A00A2EF46 /* Alegreya-MediumItalic.ttf in Resources */ = {isa = PBXBuildFile; fileRef = 5A2294622AD5010A00A2EF46 /* Alegreya-MediumItalic.ttf */; };
		5A2294732AD5010A00A2EF46 /* Alegreya-ExtraBoldItalic.ttf in Resources */ = {isa = PBXBuildFile; fileRef = 5A2294632AD5010A00A2EF46 /* Alegreya-ExtraBoldItalic.ttf */; };
		5A2294742AD5010A00A2EF46 /* Alegreya-Bold.ttf in Resources */ = {isa = PBXBuildFile; fileRef = 5A2294642AD5010A00A2EF46 /* Alegreya-Bold.ttf */; };
		5A2294752AD5010A00A2EF46 /* Alegreya-BlackItalic.ttf in Resources */ = {isa = PBXBuildFile; fileRef = 5A2294652AD5010A00A2EF46 /* Alegreya-BlackItalic.ttf */; };
		5A2294762AD5010A00A2EF46 /* Alegreya-BoldItalic.ttf in Resources */ = {isa = PBXBuildFile; fileRef = 5A2294662AD5010A00A2EF46 /* Alegreya-BoldItalic.ttf */; };
		5A2294772AD5010A00A2EF46 /* Alegreya-Black.ttf in Resources */ = {isa = PBXBuildFile; fileRef = 5A2294672AD5010A00A2EF46 /* Alegreya-Black.ttf */; };
		5A2294782AD5010A00A2EF46 /* Alegreya-Regular.ttf in Resources */ = {isa = PBXBuildFile; fileRef = 5A2294682AD5010A00A2EF46 /* Alegreya-Regular.ttf */; };
		5A2294792AD5010A00A2EF46 /* Alegreya-SemiBoldItalic.ttf in Resources */ = {isa = PBXBuildFile; fileRef = 5A2294692AD5010A00A2EF46 /* Alegreya-SemiBoldItalic.ttf */; };
		5A22947A2AD5010A00A2EF46 /* Alegreya-Medium.ttf in Resources */ = {isa = PBXBuildFile; fileRef = 5A22946A2AD5010A00A2EF46 /* Alegreya-Medium.ttf */; };
		5A22947B2AD5010A00A2EF46 /* OFL.txt in Resources */ = {isa = PBXBuildFile; fileRef = 5A22946B2AD5010A00A2EF46 /* OFL.txt */; };
		5A22947C2AD5010A00A2EF46 /* README.txt in Resources */ = {isa = PBXBuildFile; fileRef = 5A22946C2AD5010A00A2EF46 /* README.txt */; };
		5A22947D2AD5010A00A2EF46 /* Alegreya-VariableFont_wght.ttf in Resources */ = {isa = PBXBuildFile; fileRef = 5A22946D2AD5010A00A2EF46 /* Alegreya-VariableFont_wght.ttf */; };
		5A22947F2AD5051800A2EF46 /* Color+AppColors.swift in Sources */ = {isa = PBXBuildFile; fileRef = 5A22947E2AD5051800A2EF46 /* Color+AppColors.swift */; };
		5A4A0C242AD10EC300D1E84C /* Parser.swift in Sources */ = {isa = PBXBuildFile; fileRef = 5A4A0C232AD10EC300D1E84C /* Parser.swift */; };
		5A4A0C2C2AD259C100D1E84C /* URL+CustomTypes.swift in Sources */ = {isa = PBXBuildFile; fileRef = 5A4A0C2B2AD259C100D1E84C /* URL+CustomTypes.swift */; };
		5A4A0C302AD25A4F00D1E84C /* FilterUtils.swift in Sources */ = {isa = PBXBuildFile; fileRef = 5A4A0C2F2AD25A4F00D1E84C /* FilterUtils.swift */; };
		5A5EBE8D2ADCCA6200B20428 /* ArticleListView.swift in Sources */ = {isa = PBXBuildFile; fileRef = 5A5EBE8C2ADCCA6200B20428 /* ArticleListView.swift */; };
		5A5EBE8F2ADCCAAB00B20428 /* ArticleListViewModel.swift in Sources */ = {isa = PBXBuildFile; fileRef = 5A5EBE8E2ADCCAAB00B20428 /* ArticleListViewModel.swift */; };
		5A6533792AF29EAB00F08503 /* UIWindow+ScreenSize.swift in Sources */ = {isa = PBXBuildFile; fileRef = 5A6533782AF29EAB00F08503 /* UIWindow+ScreenSize.swift */; };
		5A65337A2AF2C6B500F08503 /* ArticleListView.swift in Sources */ = {isa = PBXBuildFile; fileRef = 5A5EBE8C2ADCCA6200B20428 /* ArticleListView.swift */; };
		5A65337B2AF2C6C500F08503 /* ArticleListViewModel.swift in Sources */ = {isa = PBXBuildFile; fileRef = 5A5EBE8E2ADCCAAB00B20428 /* ArticleListViewModel.swift */; };
		5A65337C2AF2C6CC00F08503 /* ArticleListItem.swift in Sources */ = {isa = PBXBuildFile; fileRef = 5A22943D2AD4F49D00A2EF46 /* ArticleListItem.swift */; };
		5A65337D2AF2C6D400F08503 /* GeoFrame.swift in Sources */ = {isa = PBXBuildFile; fileRef = 5AEBA7B92AF1A9AC00B00F22 /* GeoFrame.swift */; };
		5A65337E2AF2C6FF00F08503 /* PlatformCompatibility.swift in Sources */ = {isa = PBXBuildFile; fileRef = 5AEBA7BB2AF200A900B00F22 /* PlatformCompatibility.swift */; };
		5A65337F2AF2C6FF00F08503 /* Text+Alignment.swift in Sources */ = {isa = PBXBuildFile; fileRef = 5AEBA7B72AF0AF9F00B00F22 /* Text+Alignment.swift */; };
		5A6533802AF2C6FF00F08503 /* View+NavigationLink.swift in Sources */ = {isa = PBXBuildFile; fileRef = 5AEF656F2AD895BF00410C7F /* View+NavigationLink.swift */; };
		5A6533812AF2C6FF00F08503 /* LogoView.swift in Sources */ = {isa = PBXBuildFile; fileRef = 5AEF65772AD8999000410C7F /* LogoView.swift */; };
		5A6533822AF2C6FF00F08503 /* Font+CustomFonts.swift in Sources */ = {isa = PBXBuildFile; fileRef = 5A2294442AD4FD7700A2EF46 /* Font+CustomFonts.swift */; };
		5A6533832AF2C6FF00F08503 /* Color+AppColors.swift in Sources */ = {isa = PBXBuildFile; fileRef = 5A22947E2AD5051800A2EF46 /* Color+AppColors.swift */; };
		5A6533842AF2C6FF00F08503 /* UIWindow+ScreenSize.swift in Sources */ = {isa = PBXBuildFile; fileRef = 5A6533782AF29EAB00F08503 /* UIWindow+ScreenSize.swift */; };
		5A6533882AF403E600F08503 /* URL+CustomTypesTests.swift in Sources */ = {isa = PBXBuildFile; fileRef = 5A4A0C2D2AD259DA00D1E84C /* URL+CustomTypesTests.swift */; };
		5A6533892AF4040800F08503 /* AsynchronousTestHelpers.swift in Sources */ = {isa = PBXBuildFile; fileRef = 5A4A0C312AD2635800D1E84C /* AsynchronousTestHelpers.swift */; };
		5A65338A2AF4040F00F08503 /* ArticleTests.swift in Sources */ = {isa = PBXBuildFile; fileRef = 5A4A0C292AD1FFB800D1E84C /* ArticleTests.swift */; };
		5A65338B2AF4040F00F08503 /* ArticleCategoryTests.swift in Sources */ = {isa = PBXBuildFile; fileRef = 5ABF43E02ACD196F005AF38E /* ArticleCategoryTests.swift */; };
		5A65338C2AF4040F00F08503 /* WebFilterTests.swift in Sources */ = {isa = PBXBuildFile; fileRef = 5A7201FC2ACFB9E500CD89D0 /* WebFilterTests.swift */; };
		5A65338D2AF4040F00F08503 /* APIClientTests.swift in Sources */ = {isa = PBXBuildFile; fileRef = 5A4A0C252AD1FF6500D1E84C /* APIClientTests.swift */; };
		5A65338E2AF4040F00F08503 /* ParserTests.swift in Sources */ = {isa = PBXBuildFile; fileRef = 5A4A0C272AD1FF7300D1E84C /* ParserTests.swift */; };
		5A65338F2AF4041200F08503 /* SkierScribblerTests.swift in Sources */ = {isa = PBXBuildFile; fileRef = 5AD9CAED2ABA19F70079CB55 /* SkierScribblerTests.swift */; };
		5A92D5552AF5FD2C003D862E /* ArticleView.swift in Sources */ = {isa = PBXBuildFile; fileRef = 5A92D5542AF5FD2C003D862E /* ArticleView.swift */; };
		5A92D5572AF5FDB6003D862E /* WebViewBridge.swift in Sources */ = {isa = PBXBuildFile; fileRef = 5A92D5562AF5FDB6003D862E /* WebViewBridge.swift */; };
		5A935E282AF4A09E00132588 /* URLHelper.swift in Sources */ = {isa = PBXBuildFile; fileRef = 5A935E272AF4A09E00132588 /* URLHelper.swift */; };
		5AD9CAE82ABA198E0079CB55 /* Assets.xcassets in Resources */ = {isa = PBXBuildFile; fileRef = 5AD9CAE32ABA198E0079CB55 /* Assets.xcassets */; };
		5AD9CAE92ABA198E0079CB55 /* Preview Assets.xcassets in Resources */ = {isa = PBXBuildFile; fileRef = 5AD9CAE52ABA198E0079CB55 /* Preview Assets.xcassets */; };
		5AD9CAEA2ABA198E0079CB55 /* SkierScribblerApp.swift in Sources */ = {isa = PBXBuildFile; fileRef = 5AD9CAE62ABA198E0079CB55 /* SkierScribblerApp.swift */; };
		5AD9CAEB2ABA198E0079CB55 /* MotherView.swift in Sources */ = {isa = PBXBuildFile; fileRef = 5AD9CAE72ABA198E0079CB55 /* MotherView.swift */; };
		5AD9CAF22ABA19FD0079CB55 /* SkierScribblerUITests.swift in Sources */ = {isa = PBXBuildFile; fileRef = 5AD9CAF02ABA19FD0079CB55 /* SkierScribblerUITests.swift */; };
		5AD9CAF32ABA19FD0079CB55 /* SkierScribblerUITestsLaunchTests.swift in Sources */ = {isa = PBXBuildFile; fileRef = 5AD9CAF12ABA19FD0079CB55 /* SkierScribblerUITestsLaunchTests.swift */; };
		5AD9CAF62ABA1B490079CB55 /* SwiftSoup in Frameworks */ = {isa = PBXBuildFile; productRef = 5AD9CAF52ABA1B490079CB55 /* SwiftSoup */; };
		5AD9CB032ABA1E150079CB55 /* WebFilter.swift in Sources */ = {isa = PBXBuildFile; fileRef = 5AD9CB022ABA1E150079CB55 /* WebFilter.swift */; };
		5AD9CB072ABA1F0A0079CB55 /* allowed_urls.json in Resources */ = {isa = PBXBuildFile; fileRef = 5AD9CB062ABA1F0A0079CB55 /* allowed_urls.json */; };
		5AD9CB092ABB66080079CB55 /* Article.swift in Sources */ = {isa = PBXBuildFile; fileRef = 5AD9CB082ABB66080079CB55 /* Article.swift */; };
		5AD9CB0B2ABB66230079CB55 /* ArticleCategory.swift in Sources */ = {isa = PBXBuildFile; fileRef = 5AD9CB0A2ABB66230079CB55 /* ArticleCategory.swift */; };
		5AD9CB0E2ABB691D0079CB55 /* APIClient.swift in Sources */ = {isa = PBXBuildFile; fileRef = 5AD9CB0D2ABB691D0079CB55 /* APIClient.swift */; };
		5AD9CB102ABB69E30079CB55 /* Author.swift in Sources */ = {isa = PBXBuildFile; fileRef = 5AD9CB0F2ABB69E30079CB55 /* Author.swift */; };
		5AEBA7B82AF0AF9F00B00F22 /* Text+Alignment.swift in Sources */ = {isa = PBXBuildFile; fileRef = 5AEBA7B72AF0AF9F00B00F22 /* Text+Alignment.swift */; };
		5AEBA7BA2AF1A9AD00B00F22 /* GeoFrame.swift in Sources */ = {isa = PBXBuildFile; fileRef = 5AEBA7B92AF1A9AC00B00F22 /* GeoFrame.swift */; };
		5AEBA7BC2AF200A900B00F22 /* PlatformCompatibility.swift in Sources */ = {isa = PBXBuildFile; fileRef = 5AEBA7BB2AF200A900B00F22 /* PlatformCompatibility.swift */; };
		5AEF65502AD71BFA00410C7F /* newsHTML.txt in Resources */ = {isa = PBXBuildFile; fileRef = 5AEF654F2AD71BFA00410C7F /* newsHTML.txt */; };
		5AEF65702AD895BF00410C7F /* View+NavigationLink.swift in Sources */ = {isa = PBXBuildFile; fileRef = 5AEF656F2AD895BF00410C7F /* View+NavigationLink.swift */; };
		5AEF65742AD8993800410C7F /* UpperWestSide.ttf in Resources */ = {isa = PBXBuildFile; fileRef = 5AEF65722AD8993800410C7F /* UpperWestSide.ttf */; };
		5AEF65752AD8993800410C7F /* 1001fonts-upperwestside-eula.txt in Resources */ = {isa = PBXBuildFile; fileRef = 5AEF65732AD8993800410C7F /* 1001fonts-upperwestside-eula.txt */; };
		5AEF65782AD8999000410C7F /* LogoView.swift in Sources */ = {isa = PBXBuildFile; fileRef = 5AEF65772AD8999000410C7F /* LogoView.swift */; };
/* End PBXBuildFile section */

/* Begin PBXContainerItemProxy section */
		5AC37BE52AB94E4100A74AAD /* PBXContainerItemProxy */ = {
			isa = PBXContainerItemProxy;
			containerPortal = 5AC37BCC2AB94E3800A74AAD /* Project object */;
			proxyType = 1;
			remoteGlobalIDString = 5AC37BD32AB94E3800A74AAD;
			remoteInfo = SkierScribbles;
		};
		5AC37BEF2AB94E4100A74AAD /* PBXContainerItemProxy */ = {
			isa = PBXContainerItemProxy;
			containerPortal = 5AC37BCC2AB94E3800A74AAD /* Project object */;
			proxyType = 1;
			remoteGlobalIDString = 5AC37BD32AB94E3800A74AAD;
			remoteInfo = SkierScribbles;
		};
/* End PBXContainerItemProxy section */

/* Begin PBXFileReference section */
		5A2294392AD4CBA700A2EF46 /* Info.plist */ = {isa = PBXFileReference; lastKnownFileType = text.plist; path = Info.plist; sourceTree = "<group>"; };
		5A22943D2AD4F49D00A2EF46 /* ArticleListItem.swift */ = {isa = PBXFileReference; lastKnownFileType = sourcecode.swift; path = ArticleListItem.swift; sourceTree = "<group>"; };
		5A2294442AD4FD7700A2EF46 /* Font+CustomFonts.swift */ = {isa = PBXFileReference; lastKnownFileType = sourcecode.swift; path = "Font+CustomFonts.swift"; sourceTree = "<group>"; };
		5A2294482AD5002600A2EF46 /* Rokkitt-Bold.ttf */ = {isa = PBXFileReference; lastKnownFileType = file; path = "Rokkitt-Bold.ttf"; sourceTree = "<group>"; };
		5A2294492AD5002600A2EF46 /* SIL Open Font License.txt */ = {isa = PBXFileReference; fileEncoding = 4; lastKnownFileType = text; path = "SIL Open Font License.txt"; sourceTree = "<group>"; };
		5A22944A2AD5002600A2EF46 /* Rokkitt-Thin.ttf */ = {isa = PBXFileReference; lastKnownFileType = file; path = "Rokkitt-Thin.ttf"; sourceTree = "<group>"; };
		5A22944B2AD5002600A2EF46 /* Rokkitt-ExtraBold.ttf */ = {isa = PBXFileReference; lastKnownFileType = file; path = "Rokkitt-ExtraBold.ttf"; sourceTree = "<group>"; };
		5A22944C2AD5002600A2EF46 /* Rokkitt-Black.ttf */ = {isa = PBXFileReference; lastKnownFileType = file; path = "Rokkitt-Black.ttf"; sourceTree = "<group>"; };
		5A22944D2AD5002600A2EF46 /* Rokkitt-Medium.ttf */ = {isa = PBXFileReference; lastKnownFileType = file; path = "Rokkitt-Medium.ttf"; sourceTree = "<group>"; };
		5A22944E2AD5002600A2EF46 /* Rokkitt-Regular.ttf */ = {isa = PBXFileReference; lastKnownFileType = file; path = "Rokkitt-Regular.ttf"; sourceTree = "<group>"; };
		5A22944F2AD5002600A2EF46 /* Rokkitt-ExtraLight.ttf */ = {isa = PBXFileReference; lastKnownFileType = file; path = "Rokkitt-ExtraLight.ttf"; sourceTree = "<group>"; };
		5A2294502AD5002600A2EF46 /* Rokkitt-Light.ttf */ = {isa = PBXFileReference; lastKnownFileType = file; path = "Rokkitt-Light.ttf"; sourceTree = "<group>"; };
		5A2294512AD5002600A2EF46 /* Rokkitt-SemiBold.ttf */ = {isa = PBXFileReference; lastKnownFileType = file; path = "Rokkitt-SemiBold.ttf"; sourceTree = "<group>"; };
		5A22945D2AD5010A00A2EF46 /* Alegreya-Italic-VariableFont_wght.ttf */ = {isa = PBXFileReference; lastKnownFileType = file; path = "Alegreya-Italic-VariableFont_wght.ttf"; sourceTree = "<group>"; };
		5A22945F2AD5010A00A2EF46 /* Alegreya-Italic.ttf */ = {isa = PBXFileReference; lastKnownFileType = file; path = "Alegreya-Italic.ttf"; sourceTree = "<group>"; };
		5A2294602AD5010A00A2EF46 /* Alegreya-ExtraBold.ttf */ = {isa = PBXFileReference; lastKnownFileType = file; path = "Alegreya-ExtraBold.ttf"; sourceTree = "<group>"; };
		5A2294612AD5010A00A2EF46 /* Alegreya-SemiBold.ttf */ = {isa = PBXFileReference; lastKnownFileType = file; path = "Alegreya-SemiBold.ttf"; sourceTree = "<group>"; };
		5A2294622AD5010A00A2EF46 /* Alegreya-MediumItalic.ttf */ = {isa = PBXFileReference; lastKnownFileType = file; path = "Alegreya-MediumItalic.ttf"; sourceTree = "<group>"; };
		5A2294632AD5010A00A2EF46 /* Alegreya-ExtraBoldItalic.ttf */ = {isa = PBXFileReference; lastKnownFileType = file; path = "Alegreya-ExtraBoldItalic.ttf"; sourceTree = "<group>"; };
		5A2294642AD5010A00A2EF46 /* Alegreya-Bold.ttf */ = {isa = PBXFileReference; lastKnownFileType = file; path = "Alegreya-Bold.ttf"; sourceTree = "<group>"; };
		5A2294652AD5010A00A2EF46 /* Alegreya-BlackItalic.ttf */ = {isa = PBXFileReference; lastKnownFileType = file; path = "Alegreya-BlackItalic.ttf"; sourceTree = "<group>"; };
		5A2294662AD5010A00A2EF46 /* Alegreya-BoldItalic.ttf */ = {isa = PBXFileReference; lastKnownFileType = file; path = "Alegreya-BoldItalic.ttf"; sourceTree = "<group>"; };
		5A2294672AD5010A00A2EF46 /* Alegreya-Black.ttf */ = {isa = PBXFileReference; lastKnownFileType = file; path = "Alegreya-Black.ttf"; sourceTree = "<group>"; };
		5A2294682AD5010A00A2EF46 /* Alegreya-Regular.ttf */ = {isa = PBXFileReference; lastKnownFileType = file; path = "Alegreya-Regular.ttf"; sourceTree = "<group>"; };
		5A2294692AD5010A00A2EF46 /* Alegreya-SemiBoldItalic.ttf */ = {isa = PBXFileReference; lastKnownFileType = file; path = "Alegreya-SemiBoldItalic.ttf"; sourceTree = "<group>"; };
		5A22946A2AD5010A00A2EF46 /* Alegreya-Medium.ttf */ = {isa = PBXFileReference; lastKnownFileType = file; path = "Alegreya-Medium.ttf"; sourceTree = "<group>"; };
		5A22946B2AD5010A00A2EF46 /* OFL.txt */ = {isa = PBXFileReference; fileEncoding = 4; lastKnownFileType = text; path = OFL.txt; sourceTree = "<group>"; };
		5A22946C2AD5010A00A2EF46 /* README.txt */ = {isa = PBXFileReference; fileEncoding = 4; lastKnownFileType = text; path = README.txt; sourceTree = "<group>"; };
		5A22946D2AD5010A00A2EF46 /* Alegreya-VariableFont_wght.ttf */ = {isa = PBXFileReference; lastKnownFileType = file; path = "Alegreya-VariableFont_wght.ttf"; sourceTree = "<group>"; };
		5A22947E2AD5051800A2EF46 /* Color+AppColors.swift */ = {isa = PBXFileReference; lastKnownFileType = sourcecode.swift; path = "Color+AppColors.swift"; sourceTree = "<group>"; };
		5A4A0C232AD10EC300D1E84C /* Parser.swift */ = {isa = PBXFileReference; lastKnownFileType = sourcecode.swift; path = Parser.swift; sourceTree = "<group>"; };
		5A4A0C252AD1FF6500D1E84C /* APIClientTests.swift */ = {isa = PBXFileReference; lastKnownFileType = sourcecode.swift; path = APIClientTests.swift; sourceTree = "<group>"; };
		5A4A0C272AD1FF7300D1E84C /* ParserTests.swift */ = {isa = PBXFileReference; lastKnownFileType = sourcecode.swift; path = ParserTests.swift; sourceTree = "<group>"; };
		5A4A0C292AD1FFB800D1E84C /* ArticleTests.swift */ = {isa = PBXFileReference; lastKnownFileType = sourcecode.swift; path = ArticleTests.swift; sourceTree = "<group>"; };
		5A4A0C2B2AD259C100D1E84C /* URL+CustomTypes.swift */ = {isa = PBXFileReference; lastKnownFileType = sourcecode.swift; path = "URL+CustomTypes.swift"; sourceTree = "<group>"; };
		5A4A0C2D2AD259DA00D1E84C /* URL+CustomTypesTests.swift */ = {isa = PBXFileReference; lastKnownFileType = sourcecode.swift; path = "URL+CustomTypesTests.swift"; sourceTree = "<group>"; };
		5A4A0C2F2AD25A4F00D1E84C /* FilterUtils.swift */ = {isa = PBXFileReference; lastKnownFileType = sourcecode.swift; path = FilterUtils.swift; sourceTree = "<group>"; };
		5A4A0C312AD2635800D1E84C /* AsynchronousTestHelpers.swift */ = {isa = PBXFileReference; fileEncoding = 4; lastKnownFileType = sourcecode.swift; path = AsynchronousTestHelpers.swift; sourceTree = "<group>"; };
		5A5EBE8C2ADCCA6200B20428 /* ArticleListView.swift */ = {isa = PBXFileReference; lastKnownFileType = sourcecode.swift; path = ArticleListView.swift; sourceTree = "<group>"; };
		5A5EBE8E2ADCCAAB00B20428 /* ArticleListViewModel.swift */ = {isa = PBXFileReference; lastKnownFileType = sourcecode.swift; path = ArticleListViewModel.swift; sourceTree = "<group>"; };
		5A6533782AF29EAB00F08503 /* UIWindow+ScreenSize.swift */ = {isa = PBXFileReference; lastKnownFileType = sourcecode.swift; path = "UIWindow+ScreenSize.swift"; sourceTree = "<group>"; };
		5A6533872AF402FB00F08503 /* SkierScribbler.xctestplan */ = {isa = PBXFileReference; lastKnownFileType = text; path = SkierScribbler.xctestplan; sourceTree = "<group>"; };
		5A7201FC2ACFB9E500CD89D0 /* WebFilterTests.swift */ = {isa = PBXFileReference; lastKnownFileType = sourcecode.swift; path = WebFilterTests.swift; sourceTree = "<group>"; };
		5A92D5542AF5FD2C003D862E /* ArticleView.swift */ = {isa = PBXFileReference; lastKnownFileType = sourcecode.swift; path = ArticleView.swift; sourceTree = "<group>"; };
		5A92D5562AF5FDB6003D862E /* WebViewBridge.swift */ = {isa = PBXFileReference; lastKnownFileType = sourcecode.swift; path = WebViewBridge.swift; sourceTree = "<group>"; };
		5A935E272AF4A09E00132588 /* URLHelper.swift */ = {isa = PBXFileReference; lastKnownFileType = sourcecode.swift; path = URLHelper.swift; sourceTree = "<group>"; };
		5ABF43D32ACD160B005AF38E /* README.md */ = {isa = PBXFileReference; lastKnownFileType = net.daringfireball.markdown; path = README.md; sourceTree = "<group>"; };
		5ABF43E02ACD196F005AF38E /* ArticleCategoryTests.swift */ = {isa = PBXFileReference; lastKnownFileType = sourcecode.swift; path = ArticleCategoryTests.swift; sourceTree = "<group>"; };
		5AC37BD42AB94E3800A74AAD /* SkierScribbler.app */ = {isa = PBXFileReference; explicitFileType = wrapper.application; includeInIndex = 0; path = SkierScribbler.app; sourceTree = BUILT_PRODUCTS_DIR; };
		5AC37BE42AB94E4100A74AAD /* SkierScribblerTests.xctest */ = {isa = PBXFileReference; explicitFileType = wrapper.cfbundle; includeInIndex = 0; path = SkierScribblerTests.xctest; sourceTree = BUILT_PRODUCTS_DIR; };
		5AC37BEE2AB94E4100A74AAD /* SkierScribblerUITests.xctest */ = {isa = PBXFileReference; explicitFileType = wrapper.cfbundle; includeInIndex = 0; path = SkierScribblerUITests.xctest; sourceTree = BUILT_PRODUCTS_DIR; };
		5AD9CAE32ABA198E0079CB55 /* Assets.xcassets */ = {isa = PBXFileReference; lastKnownFileType = folder.assetcatalog; path = Assets.xcassets; sourceTree = "<group>"; };
		5AD9CAE52ABA198E0079CB55 /* Preview Assets.xcassets */ = {isa = PBXFileReference; lastKnownFileType = folder.assetcatalog; path = "Preview Assets.xcassets"; sourceTree = "<group>"; };
		5AD9CAE62ABA198E0079CB55 /* SkierScribblerApp.swift */ = {isa = PBXFileReference; fileEncoding = 4; lastKnownFileType = sourcecode.swift; path = SkierScribblerApp.swift; sourceTree = "<group>"; };
		5AD9CAE72ABA198E0079CB55 /* MotherView.swift */ = {isa = PBXFileReference; fileEncoding = 4; lastKnownFileType = sourcecode.swift; path = MotherView.swift; sourceTree = "<group>"; };
		5AD9CAED2ABA19F70079CB55 /* SkierScribblerTests.swift */ = {isa = PBXFileReference; fileEncoding = 4; lastKnownFileType = sourcecode.swift; path = SkierScribblerTests.swift; sourceTree = "<group>"; };
		5AD9CAF02ABA19FD0079CB55 /* SkierScribblerUITests.swift */ = {isa = PBXFileReference; fileEncoding = 4; lastKnownFileType = sourcecode.swift; path = SkierScribblerUITests.swift; sourceTree = "<group>"; };
		5AD9CAF12ABA19FD0079CB55 /* SkierScribblerUITestsLaunchTests.swift */ = {isa = PBXFileReference; fileEncoding = 4; lastKnownFileType = sourcecode.swift; path = SkierScribblerUITestsLaunchTests.swift; sourceTree = "<group>"; };
		5AD9CAFC2ABA1CF90079CB55 /* Backend_README.md */ = {isa = PBXFileReference; lastKnownFileType = net.daringfireball.markdown; path = Backend_README.md; sourceTree = "<group>"; };
		5AD9CB022ABA1E150079CB55 /* WebFilter.swift */ = {isa = PBXFileReference; lastKnownFileType = sourcecode.swift; path = WebFilter.swift; sourceTree = "<group>"; };
		5AD9CB062ABA1F0A0079CB55 /* allowed_urls.json */ = {isa = PBXFileReference; fileEncoding = 4; lastKnownFileType = text.json; path = allowed_urls.json; sourceTree = "<group>"; };
		5AD9CB082ABB66080079CB55 /* Article.swift */ = {isa = PBXFileReference; lastKnownFileType = sourcecode.swift; path = Article.swift; sourceTree = "<group>"; };
		5AD9CB0A2ABB66230079CB55 /* ArticleCategory.swift */ = {isa = PBXFileReference; lastKnownFileType = sourcecode.swift; path = ArticleCategory.swift; sourceTree = "<group>"; };
		5AD9CB0D2ABB691D0079CB55 /* APIClient.swift */ = {isa = PBXFileReference; lastKnownFileType = sourcecode.swift; path = APIClient.swift; sourceTree = "<group>"; };
		5AD9CB0F2ABB69E30079CB55 /* Author.swift */ = {isa = PBXFileReference; lastKnownFileType = sourcecode.swift; path = Author.swift; sourceTree = "<group>"; };
		5AEBA7B72AF0AF9F00B00F22 /* Text+Alignment.swift */ = {isa = PBXFileReference; lastKnownFileType = sourcecode.swift; path = "Text+Alignment.swift"; sourceTree = "<group>"; };
		5AEBA7B92AF1A9AC00B00F22 /* GeoFrame.swift */ = {isa = PBXFileReference; lastKnownFileType = sourcecode.swift; path = GeoFrame.swift; sourceTree = "<group>"; };
		5AEBA7BB2AF200A900B00F22 /* PlatformCompatibility.swift */ = {isa = PBXFileReference; lastKnownFileType = sourcecode.swift; path = PlatformCompatibility.swift; sourceTree = "<group>"; };
		5AEBA7BD2AF2073A00B00F22 /* SkierScribbler.entitlements */ = {isa = PBXFileReference; lastKnownFileType = text.plist.entitlements; path = SkierScribbler.entitlements; sourceTree = "<group>"; };
		5AEF654F2AD71BFA00410C7F /* newsHTML.txt */ = {isa = PBXFileReference; lastKnownFileType = text; path = newsHTML.txt; sourceTree = "<group>"; };
		5AEF656F2AD895BF00410C7F /* View+NavigationLink.swift */ = {isa = PBXFileReference; lastKnownFileType = sourcecode.swift; path = "View+NavigationLink.swift"; sourceTree = "<group>"; };
		5AEF65722AD8993800410C7F /* UpperWestSide.ttf */ = {isa = PBXFileReference; lastKnownFileType = file; path = UpperWestSide.ttf; sourceTree = "<group>"; };
		5AEF65732AD8993800410C7F /* 1001fonts-upperwestside-eula.txt */ = {isa = PBXFileReference; fileEncoding = 4; lastKnownFileType = text; path = "1001fonts-upperwestside-eula.txt"; sourceTree = "<group>"; };
		5AEF65772AD8999000410C7F /* LogoView.swift */ = {isa = PBXFileReference; lastKnownFileType = sourcecode.swift; path = LogoView.swift; sourceTree = "<group>"; };
/* End PBXFileReference section */

/* Begin PBXFrameworksBuildPhase section */
		5AC37BD12AB94E3800A74AAD /* Frameworks */ = {
			isa = PBXFrameworksBuildPhase;
			buildActionMask = 2147483647;
			files = (
				5AD9CAF62ABA1B490079CB55 /* SwiftSoup in Frameworks */,
				5A2294412AD4FA4A00A2EF46 /* FontBlaster in Frameworks */,
			);
			runOnlyForDeploymentPostprocessing = 0;
		};
		5AC37BE12AB94E4100A74AAD /* Frameworks */ = {
			isa = PBXFrameworksBuildPhase;
			buildActionMask = 2147483647;
			files = (
				5A22943C2AD4CBBA00A2EF46 /* SwiftSoup in Frameworks */,
			);
			runOnlyForDeploymentPostprocessing = 0;
		};
		5AC37BEB2AB94E4100A74AAD /* Frameworks */ = {
			isa = PBXFrameworksBuildPhase;
			buildActionMask = 2147483647;
			files = (
			);
			runOnlyForDeploymentPostprocessing = 0;
		};
/* End PBXFrameworksBuildPhase section */

/* Begin PBXGroup section */
		5A22943A2AD4CBBA00A2EF46 /* Frameworks */ = {
			isa = PBXGroup;
			children = (
			);
			name = Frameworks;
			sourceTree = "<group>";
		};
		5A2294422AD4FD5400A2EF46 /* General */ = {
			isa = PBXGroup;
			children = (
				5A4A0C2B2AD259C100D1E84C /* URL+CustomTypes.swift */,
				5A4A0C2F2AD25A4F00D1E84C /* FilterUtils.swift */,
			);
			path = General;
			sourceTree = "<group>";
		};
		5A2294432AD4FD5900A2EF46 /* UI */ = {
			isa = PBXGroup;
			children = (
				5A2294442AD4FD7700A2EF46 /* Font+CustomFonts.swift */,
				5A22947E2AD5051800A2EF46 /* Color+AppColors.swift */,
				5AEF656F2AD895BF00410C7F /* View+NavigationLink.swift */,
				5AEBA7B72AF0AF9F00B00F22 /* Text+Alignment.swift */,
				5AEBA7B92AF1A9AC00B00F22 /* GeoFrame.swift */,
				5A6533782AF29EAB00F08503 /* UIWindow+ScreenSize.swift */,
			);
			path = UI;
			sourceTree = "<group>";
		};
		5A2294462AD5001E00A2EF46 /* Fonts */ = {
			isa = PBXGroup;
			children = (
				5AEF65712AD8993800410C7F /* upperwestside */,
				5A22945C2AD5010A00A2EF46 /* Alegreya */,
				5A2294472AD5002600A2EF46 /* rokkitt */,
			);
			path = Fonts;
			sourceTree = "<group>";
		};
		5A2294472AD5002600A2EF46 /* rokkitt */ = {
			isa = PBXGroup;
			children = (
				5A2294482AD5002600A2EF46 /* Rokkitt-Bold.ttf */,
				5A2294492AD5002600A2EF46 /* SIL Open Font License.txt */,
				5A22944A2AD5002600A2EF46 /* Rokkitt-Thin.ttf */,
				5A22944B2AD5002600A2EF46 /* Rokkitt-ExtraBold.ttf */,
				5A22944C2AD5002600A2EF46 /* Rokkitt-Black.ttf */,
				5A22944D2AD5002600A2EF46 /* Rokkitt-Medium.ttf */,
				5A22944E2AD5002600A2EF46 /* Rokkitt-Regular.ttf */,
				5A22944F2AD5002600A2EF46 /* Rokkitt-ExtraLight.ttf */,
				5A2294502AD5002600A2EF46 /* Rokkitt-Light.ttf */,
				5A2294512AD5002600A2EF46 /* Rokkitt-SemiBold.ttf */,
			);
			path = rokkitt;
			sourceTree = "<group>";
		};
		5A22945C2AD5010A00A2EF46 /* Alegreya */ = {
			isa = PBXGroup;
			children = (
				5A22945D2AD5010A00A2EF46 /* Alegreya-Italic-VariableFont_wght.ttf */,
				5A22945E2AD5010A00A2EF46 /* static */,
				5A22946B2AD5010A00A2EF46 /* OFL.txt */,
				5A22946C2AD5010A00A2EF46 /* README.txt */,
				5A22946D2AD5010A00A2EF46 /* Alegreya-VariableFont_wght.ttf */,
			);
			path = Alegreya;
			sourceTree = "<group>";
		};
		5A22945E2AD5010A00A2EF46 /* static */ = {
			isa = PBXGroup;
			children = (
				5A22945F2AD5010A00A2EF46 /* Alegreya-Italic.ttf */,
				5A2294602AD5010A00A2EF46 /* Alegreya-ExtraBold.ttf */,
				5A2294612AD5010A00A2EF46 /* Alegreya-SemiBold.ttf */,
				5A2294622AD5010A00A2EF46 /* Alegreya-MediumItalic.ttf */,
				5A2294632AD5010A00A2EF46 /* Alegreya-ExtraBoldItalic.ttf */,
				5A2294642AD5010A00A2EF46 /* Alegreya-Bold.ttf */,
				5A2294652AD5010A00A2EF46 /* Alegreya-BlackItalic.ttf */,
				5A2294662AD5010A00A2EF46 /* Alegreya-BoldItalic.ttf */,
				5A2294672AD5010A00A2EF46 /* Alegreya-Black.ttf */,
				5A2294682AD5010A00A2EF46 /* Alegreya-Regular.ttf */,
				5A2294692AD5010A00A2EF46 /* Alegreya-SemiBoldItalic.ttf */,
				5A22946A2AD5010A00A2EF46 /* Alegreya-Medium.ttf */,
			);
			path = static;
			sourceTree = "<group>";
		};
		5A935E2A2AF5F6E300132588 /* WebView */ = {
			isa = PBXGroup;
			children = (
				5A92D5542AF5FD2C003D862E /* ArticleView.swift */,
				5A92D5562AF5FDB6003D862E /* WebViewBridge.swift */,
			);
			path = WebView;
			sourceTree = "<group>";
		};
		5ABF43D42ACD175B005AF38E /* Backend */ = {
			isa = PBXGroup;
			children = (
				5ABF43DB2ACD1875005AF38E /* Articles */,
				5ABF43DA2ACD186E005AF38E /* Staff */,
				5ABF43D82ACD1868005AF38E /* API */,
			);
			path = Backend;
			sourceTree = "<group>";
		};
		5ABF43D52ACD1823005AF38E /* API */ = {
			isa = PBXGroup;
			children = (
				5AD9CB022ABA1E150079CB55 /* WebFilter.swift */,
				5ABF43DF2ACD189C005AF38E /* Networking */,
				5ABF43DE2ACD1899005AF38E /* Parsing */,
			);
			path = API;
			sourceTree = "<group>";
		};
		5ABF43D62ACD185C005AF38E /* Utils */ = {
			isa = PBXGroup;
			children = (
				5A2294432AD4FD5900A2EF46 /* UI */,
				5A2294422AD4FD5400A2EF46 /* General */,
				5AEBA7BB2AF200A900B00F22 /* PlatformCompatibility.swift */,
			);
			path = Utils;
			sourceTree = "<group>";
		};
		5ABF43D72ACD1861005AF38E /* Utils */ = {
			isa = PBXGroup;
			children = (
				5A4A0C2D2AD259DA00D1E84C /* URL+CustomTypesTests.swift */,
			);
			path = Utils;
			sourceTree = "<group>";
		};
		5ABF43D82ACD1868005AF38E /* API */ = {
			isa = PBXGroup;
			children = (
				5A7201FC2ACFB9E500CD89D0 /* WebFilterTests.swift */,
				5A4A0C252AD1FF6500D1E84C /* APIClientTests.swift */,
				5A4A0C272AD1FF7300D1E84C /* ParserTests.swift */,
			);
			path = API;
			sourceTree = "<group>";
		};
		5ABF43DA2ACD186E005AF38E /* Staff */ = {
			isa = PBXGroup;
			children = (
			);
			path = Staff;
			sourceTree = "<group>";
		};
		5ABF43DB2ACD1875005AF38E /* Articles */ = {
			isa = PBXGroup;
			children = (
				5ABF43E02ACD196F005AF38E /* ArticleCategoryTests.swift */,
				5A4A0C292AD1FFB800D1E84C /* ArticleTests.swift */,
			);
			path = Articles;
			sourceTree = "<group>";
		};
		5ABF43DC2ACD1888005AF38E /* Types */ = {
			isa = PBXGroup;
			children = (
				5AD9CB082ABB66080079CB55 /* Article.swift */,
				5AD9CB0A2ABB66230079CB55 /* ArticleCategory.swift */,
			);
			path = Types;
			sourceTree = "<group>";
		};
		5ABF43DE2ACD1899005AF38E /* Parsing */ = {
			isa = PBXGroup;
			children = (
				5A4A0C232AD10EC300D1E84C /* Parser.swift */,
			);
			path = Parsing;
			sourceTree = "<group>";
		};
		5ABF43DF2ACD189C005AF38E /* Networking */ = {
			isa = PBXGroup;
			children = (
				5AD9CB0D2ABB691D0079CB55 /* APIClient.swift */,
			);
			path = Networking;
			sourceTree = "<group>";
		};
		5AC37BCB2AB94E3800A74AAD = {
			isa = PBXGroup;
			children = (
				5AD9CAE22ABA198E0079CB55 /* SkierScribbler */,
				5AD9CAEC2ABA19F70079CB55 /* SkierScribblerTests */,
				5AD9CAEF2ABA19FD0079CB55 /* SkierScribblerUITests */,
				5AC37BD52AB94E3800A74AAD /* Products */,
				5A22943A2AD4CBBA00A2EF46 /* Frameworks */,
			);
			sourceTree = "<group>";
		};
		5AC37BD52AB94E3800A74AAD /* Products */ = {
			isa = PBXGroup;
			children = (
				5AC37BD42AB94E3800A74AAD /* SkierScribbler.app */,
				5AC37BE42AB94E4100A74AAD /* SkierScribblerTests.xctest */,
				5AC37BEE2AB94E4100A74AAD /* SkierScribblerUITests.xctest */,
			);
			name = Products;
			sourceTree = "<group>";
		};
		5AD9CAE22ABA198E0079CB55 /* SkierScribbler */ = {
			isa = PBXGroup;
			children = (
				5AEBA7BD2AF2073A00B00F22 /* SkierScribbler.entitlements */,
				5A2294392AD4CBA700A2EF46 /* Info.plist */,
				5AD9CAF82ABA1B590079CB55 /* Resources */,
				5AD9CAFA2ABA1B7A0079CB55 /* src */,
			);
			path = SkierScribbler;
			sourceTree = "<group>";
		};
		5AD9CAE42ABA198E0079CB55 /* Preview Content */ = {
			isa = PBXGroup;
			children = (
				5AD9CAE52ABA198E0079CB55 /* Preview Assets.xcassets */,
			);
			path = "Preview Content";
			sourceTree = "<group>";
		};
		5AD9CAEC2ABA19F70079CB55 /* SkierScribblerTests */ = {
			isa = PBXGroup;
			children = (
				5AEF654E2AD71BA500410C7F /* Resc */,
				5A4A0C312AD2635800D1E84C /* AsynchronousTestHelpers.swift */,
				5ABF43D72ACD1861005AF38E /* Utils */,
				5ABF43D42ACD175B005AF38E /* Backend */,
				5AD9CAED2ABA19F70079CB55 /* SkierScribblerTests.swift */,
				5ABF43D32ACD160B005AF38E /* README.md */,
				5A6533872AF402FB00F08503 /* SkierScribbler.xctestplan */,
				5A935E272AF4A09E00132588 /* URLHelper.swift */,
			);
			path = SkierScribblerTests;
			sourceTree = "<group>";
		};
		5AD9CAEF2ABA19FD0079CB55 /* SkierScribblerUITests */ = {
			isa = PBXGroup;
			children = (
				5AD9CAF02ABA19FD0079CB55 /* SkierScribblerUITests.swift */,
				5AD9CAF12ABA19FD0079CB55 /* SkierScribblerUITestsLaunchTests.swift */,
			);
			path = SkierScribblerUITests;
			sourceTree = "<group>";
		};
		5AD9CAF72ABA1B520079CB55 /* Interface */ = {
			isa = PBXGroup;
			children = (
				5A935E2A2AF5F6E300132588 /* WebView */,
				5AEF65762AD8997B00410C7F /* Reusable */,
				5AD9CAFE2ABA1D260079CB55 /* Views */,
				5AD9CAFD2ABA1D220079CB55 /* ViewModels */,
			);
			path = Interface;
			sourceTree = "<group>";
		};
		5AD9CAF82ABA1B590079CB55 /* Resources */ = {
			isa = PBXGroup;
			children = (
				5A2294462AD5001E00A2EF46 /* Fonts */,
				5AD9CB062ABA1F0A0079CB55 /* allowed_urls.json */,
				5AD9CAE32ABA198E0079CB55 /* Assets.xcassets */,
				5AD9CAE42ABA198E0079CB55 /* Preview Content */,
			);
			path = Resources;
			sourceTree = "<group>";
		};
		5AD9CAF92ABA1B650079CB55 /* Main */ = {
			isa = PBXGroup;
			children = (
				5AD9CAE72ABA198E0079CB55 /* MotherView.swift */,
				5AD9CAE62ABA198E0079CB55 /* SkierScribblerApp.swift */,
			);
			path = Main;
			sourceTree = "<group>";
		};
		5AD9CAFA2ABA1B7A0079CB55 /* src */ = {
			isa = PBXGroup;
			children = (
				5ABF43D62ACD185C005AF38E /* Utils */,
				5AD9CAFB2ABA1CE40079CB55 /* Backend */,
				5AD9CAF72ABA1B520079CB55 /* Interface */,
				5AD9CAF92ABA1B650079CB55 /* Main */,
			);
			path = src;
			sourceTree = "<group>";
		};
		5AD9CAFB2ABA1CE40079CB55 /* Backend */ = {
			isa = PBXGroup;
			children = (
				5ABF43D52ACD1823005AF38E /* API */,
				5AD9CB002ABA1E010079CB55 /* Staff */,
				5AD9CAFF2ABA1DF90079CB55 /* Articles */,
				5AD9CAFC2ABA1CF90079CB55 /* Backend_README.md */,
			);
			path = Backend;
			sourceTree = "<group>";
		};
		5AD9CAFD2ABA1D220079CB55 /* ViewModels */ = {
			isa = PBXGroup;
			children = (
				5A5EBE8E2ADCCAAB00B20428 /* ArticleListViewModel.swift */,
			);
			path = ViewModels;
			sourceTree = "<group>";
		};
		5AD9CAFE2ABA1D260079CB55 /* Views */ = {
			isa = PBXGroup;
			children = (
				5A22943D2AD4F49D00A2EF46 /* ArticleListItem.swift */,
				5A5EBE8C2ADCCA6200B20428 /* ArticleListView.swift */,
			);
			path = Views;
			sourceTree = "<group>";
		};
		5AD9CAFF2ABA1DF90079CB55 /* Articles */ = {
			isa = PBXGroup;
			children = (
				5ABF43DC2ACD1888005AF38E /* Types */,
			);
			path = Articles;
			sourceTree = "<group>";
		};
		5AD9CB002ABA1E010079CB55 /* Staff */ = {
			isa = PBXGroup;
			children = (
				5AD9CB0F2ABB69E30079CB55 /* Author.swift */,
			);
			path = Staff;
			sourceTree = "<group>";
		};
		5AEF654E2AD71BA500410C7F /* Resc */ = {
			isa = PBXGroup;
			children = (
				5AEF654F2AD71BFA00410C7F /* newsHTML.txt */,
			);
			path = Resc;
			sourceTree = "<group>";
		};
		5AEF65712AD8993800410C7F /* upperwestside */ = {
			isa = PBXGroup;
			children = (
				5AEF65722AD8993800410C7F /* UpperWestSide.ttf */,
				5AEF65732AD8993800410C7F /* 1001fonts-upperwestside-eula.txt */,
			);
			path = upperwestside;
			sourceTree = "<group>";
		};
		5AEF65762AD8997B00410C7F /* Reusable */ = {
			isa = PBXGroup;
			children = (
				5AEF65772AD8999000410C7F /* LogoView.swift */,
			);
			path = Reusable;
			sourceTree = "<group>";
		};
/* End PBXGroup section */

/* Begin PBXNativeTarget section */
		5AC37BD32AB94E3800A74AAD /* SkierScribbler */ = {
			isa = PBXNativeTarget;
			buildConfigurationList = 5AC37BF82AB94E4100A74AAD /* Build configuration list for PBXNativeTarget "SkierScribbler" */;
			buildPhases = (
				5AC37BD02AB94E3800A74AAD /* Sources */,
				5AC37BD12AB94E3800A74AAD /* Frameworks */,
				5AC37BD22AB94E3800A74AAD /* Resources */,
				5A6533852AF2DC6900F08503 /* ShellScript */,
			);
			buildRules = (
			);
			dependencies = (
			);
			name = SkierScribbler;
			packageProductDependencies = (
				5AD9CAF52ABA1B490079CB55 /* SwiftSoup */,
				5A2294402AD4FA4A00A2EF46 /* FontBlaster */,
			);
			productName = SkierScribbles;
			productReference = 5AC37BD42AB94E3800A74AAD /* SkierScribbler.app */;
			productType = "com.apple.product-type.application";
		};
		5AC37BE32AB94E4100A74AAD /* SkierScribblerTests */ = {
			isa = PBXNativeTarget;
			buildConfigurationList = 5AC37BFB2AB94E4100A74AAD /* Build configuration list for PBXNativeTarget "SkierScribblerTests" */;
			buildPhases = (
				5AC37BE02AB94E4100A74AAD /* Sources */,
				5AC37BE12AB94E4100A74AAD /* Frameworks */,
				5AC37BE22AB94E4100A74AAD /* Resources */,
				5A6533862AF2DCE800F08503 /* ShellScript */,
			);
			buildRules = (
			);
			dependencies = (
				5AC37BE62AB94E4100A74AAD /* PBXTargetDependency */,
			);
			name = SkierScribblerTests;
			packageProductDependencies = (
				5A22943B2AD4CBBA00A2EF46 /* SwiftSoup */,
			);
			productName = SkierScribblesTests;
			productReference = 5AC37BE42AB94E4100A74AAD /* SkierScribblerTests.xctest */;
			productType = "com.apple.product-type.bundle.unit-test";
		};
		5AC37BED2AB94E4100A74AAD /* SkierScribblerUITests */ = {
			isa = PBXNativeTarget;
			buildConfigurationList = 5AC37BFE2AB94E4100A74AAD /* Build configuration list for PBXNativeTarget "SkierScribblerUITests" */;
			buildPhases = (
				5AC37BEA2AB94E4100A74AAD /* Sources */,
				5AC37BEB2AB94E4100A74AAD /* Frameworks */,
				5AC37BEC2AB94E4100A74AAD /* Resources */,
				5A935E292AF5F04F00132588 /* ShellScript */,
			);
			buildRules = (
			);
			dependencies = (
				5AC37BF02AB94E4100A74AAD /* PBXTargetDependency */,
			);
			name = SkierScribblerUITests;
			productName = SkierScribblesUITests;
			productReference = 5AC37BEE2AB94E4100A74AAD /* SkierScribblerUITests.xctest */;
			productType = "com.apple.product-type.bundle.ui-testing";
		};
/* End PBXNativeTarget section */

/* Begin PBXProject section */
		5AC37BCC2AB94E3800A74AAD /* Project object */ = {
			isa = PBXProject;
			attributes = {
				BuildIndependentTargetsInParallel = 1;
				LastSwiftUpdateCheck = 1500;
				LastUpgradeCheck = 1500;
				TargetAttributes = {
					5AC37BD32AB94E3800A74AAD = {
						CreatedOnToolsVersion = 15.0;
					};
					5AC37BE32AB94E4100A74AAD = {
						CreatedOnToolsVersion = 15.0;
						TestTargetID = 5AC37BD32AB94E3800A74AAD;
					};
					5AC37BED2AB94E4100A74AAD = {
						CreatedOnToolsVersion = 15.0;
						TestTargetID = 5AC37BD32AB94E3800A74AAD;
					};
				};
			};
			buildConfigurationList = 5AC37BCF2AB94E3800A74AAD /* Build configuration list for PBXProject "SkierScribbler" */;
			compatibilityVersion = "Xcode 14.0";
			developmentRegion = en;
			hasScannedForEncodings = 0;
			knownRegions = (
				en,
				Base,
			);
			mainGroup = 5AC37BCB2AB94E3800A74AAD;
			packageReferences = (
				5AD9CAF42ABA1B490079CB55 /* XCRemoteSwiftPackageReference "SwiftSoup" */,
				5A22943F2AD4FA4A00A2EF46 /* XCRemoteSwiftPackageReference "FontBlaster" */,
			);
			productRefGroup = 5AC37BD52AB94E3800A74AAD /* Products */;
			projectDirPath = "";
			projectRoot = "";
			targets = (
				5AC37BD32AB94E3800A74AAD /* SkierScribbler */,
				5AC37BE32AB94E4100A74AAD /* SkierScribblerTests */,
				5AC37BED2AB94E4100A74AAD /* SkierScribblerUITests */,
			);
		};
/* End PBXProject section */

/* Begin PBXResourcesBuildPhase section */
		5AC37BD22AB94E3800A74AAD /* Resources */ = {
			isa = PBXResourcesBuildPhase;
			buildActionMask = 2147483647;
			files = (
				5A2294542AD5002600A2EF46 /* Rokkitt-Thin.ttf in Resources */,
				5A22947A2AD5010A00A2EF46 /* Alegreya-Medium.ttf in Resources */,
				5A2294762AD5010A00A2EF46 /* Alegreya-BoldItalic.ttf in Resources */,
				5A2294772AD5010A00A2EF46 /* Alegreya-Black.ttf in Resources */,
				5A2294722AD5010A00A2EF46 /* Alegreya-MediumItalic.ttf in Resources */,
				5A2294552AD5002600A2EF46 /* Rokkitt-ExtraBold.ttf in Resources */,
				5AD9CAE92ABA198E0079CB55 /* Preview Assets.xcassets in Resources */,
				5A22946F2AD5010A00A2EF46 /* Alegreya-Italic.ttf in Resources */,
				5A2294592AD5002600A2EF46 /* Rokkitt-ExtraLight.ttf in Resources */,
				5A22945B2AD5002600A2EF46 /* Rokkitt-SemiBold.ttf in Resources */,
				5A2294792AD5010A00A2EF46 /* Alegreya-SemiBoldItalic.ttf in Resources */,
				5AEF65752AD8993800410C7F /* 1001fonts-upperwestside-eula.txt in Resources */,
				5A2294572AD5002600A2EF46 /* Rokkitt-Medium.ttf in Resources */,
				5A22947B2AD5010A00A2EF46 /* OFL.txt in Resources */,
				5A2294582AD5002600A2EF46 /* Rokkitt-Regular.ttf in Resources */,
				5A22946E2AD5010A00A2EF46 /* Alegreya-Italic-VariableFont_wght.ttf in Resources */,
				5A2294732AD5010A00A2EF46 /* Alegreya-ExtraBoldItalic.ttf in Resources */,
				5A2294532AD5002600A2EF46 /* SIL Open Font License.txt in Resources */,
				5A22947D2AD5010A00A2EF46 /* Alegreya-VariableFont_wght.ttf in Resources */,
				5A2294712AD5010A00A2EF46 /* Alegreya-SemiBold.ttf in Resources */,
				5AD9CB072ABA1F0A0079CB55 /* allowed_urls.json in Resources */,
				5A2294522AD5002600A2EF46 /* Rokkitt-Bold.ttf in Resources */,
				5A2294782AD5010A00A2EF46 /* Alegreya-Regular.ttf in Resources */,
				5AD9CAE82ABA198E0079CB55 /* Assets.xcassets in Resources */,
				5A22945A2AD5002600A2EF46 /* Rokkitt-Light.ttf in Resources */,
				5A2294742AD5010A00A2EF46 /* Alegreya-Bold.ttf in Resources */,
				5AEF65742AD8993800410C7F /* UpperWestSide.ttf in Resources */,
				5A2294702AD5010A00A2EF46 /* Alegreya-ExtraBold.ttf in Resources */,
				5A2294752AD5010A00A2EF46 /* Alegreya-BlackItalic.ttf in Resources */,
				5A22947C2AD5010A00A2EF46 /* README.txt in Resources */,
				5A2294562AD5002600A2EF46 /* Rokkitt-Black.ttf in Resources */,
			);
			runOnlyForDeploymentPostprocessing = 0;
		};
		5AC37BE22AB94E4100A74AAD /* Resources */ = {
			isa = PBXResourcesBuildPhase;
			buildActionMask = 2147483647;
			files = (
				5AEF65502AD71BFA00410C7F /* newsHTML.txt in Resources */,
			);
			runOnlyForDeploymentPostprocessing = 0;
		};
		5AC37BEC2AB94E4100A74AAD /* Resources */ = {
			isa = PBXResourcesBuildPhase;
			buildActionMask = 2147483647;
			files = (
			);
			runOnlyForDeploymentPostprocessing = 0;
		};
/* End PBXResourcesBuildPhase section */

/* Begin PBXShellScriptBuildPhase section */
		5A6533852AF2DC6900F08503 /* ShellScript */ = {
			isa = PBXShellScriptBuildPhase;
			alwaysOutOfDate = 1;
			buildActionMask = 12;
			files = (
			);
			inputFileListPaths = (
			);
			inputPaths = (
				"$(SRCROOT)/*.swift",
			);
			outputFileListPaths = (
			);
			outputPaths = (
			);
			runOnlyForDeploymentPostprocessing = 0;
			shellPath = /bin/sh;
			shellScript = "if [[ \"$(uname -m)\" == arm64 ]]; then\n    export PATH=\"/opt/homebrew/bin:$PATH\"\nfi\n\nif which swiftlint > /dev/null; then\n  swiftlint\nelse\n  echo \"warning: SwiftLint not installed, download from https://github.com/realm/SwiftLint\"\nfi\n";
		};
		5A6533862AF2DCE800F08503 /* ShellScript */ = {
			isa = PBXShellScriptBuildPhase;
			alwaysOutOfDate = 1;
			buildActionMask = 2147483647;
			files = (
			);
			inputFileListPaths = (
			);
			inputPaths = (
				"$(SRCROOT)/*.swift",
			);
			outputFileListPaths = (
			);
			outputPaths = (
			);
			runOnlyForDeploymentPostprocessing = 0;
			shellPath = /bin/sh;
			shellScript = "if [[ \"$(uname -m)\" == arm64 ]]; then\n    export PATH=\"/opt/homebrew/bin:$PATH\"\nfi\n\nif which swiftlint > /dev/null; then\n  swiftlint\nelse\n  echo \"warning: SwiftLint not installed, download from https://github.com/realm/SwiftLint\"\nfi\n";
		};
		5A935E292AF5F04F00132588 /* ShellScript */ = {
			isa = PBXShellScriptBuildPhase;
			alwaysOutOfDate = 1;
			buildActionMask = 2147483647;
			files = (
			);
			inputFileListPaths = (
			);
			inputPaths = (
				"$(SRCROOT)/*.swift",
			);
			outputFileListPaths = (
			);
			outputPaths = (
			);
			runOnlyForDeploymentPostprocessing = 0;
			shellPath = /bin/sh;
			shellScript = "if [[ \"$(uname -m)\" == arm64 ]]; then\n    export PATH=\"/opt/homebrew/bin:$PATH\"\nfi\n\nif which swiftlint > /dev/null; then\n  swiftlint\nelse\n  echo \"warning: SwiftLint not installed, download from https://github.com/realm/SwiftLint\"\nfi\n";
		};
/* End PBXShellScriptBuildPhase section */

/* Begin PBXSourcesBuildPhase section */
		5AC37BD02AB94E3800A74AAD /* Sources */ = {
			isa = PBXSourcesBuildPhase;
			buildActionMask = 2147483647;
			files = (
				5AD9CB092ABB66080079CB55 /* Article.swift in Sources */,
				5AD9CAEA2ABA198E0079CB55 /* SkierScribblerApp.swift in Sources */,
				5AD9CB0E2ABB691D0079CB55 /* APIClient.swift in Sources */,
				5AEBA7BA2AF1A9AD00B00F22 /* GeoFrame.swift in Sources */,
				5A5EBE8F2ADCCAAB00B20428 /* ArticleListViewModel.swift in Sources */,
				5AEBA7B82AF0AF9F00B00F22 /* Text+Alignment.swift in Sources */,
				5A22943E2AD4F49D00A2EF46 /* ArticleListItem.swift in Sources */,
				5A92D5572AF5FDB6003D862E /* WebViewBridge.swift in Sources */,
				5A4A0C2C2AD259C100D1E84C /* URL+CustomTypes.swift in Sources */,
				5AD9CAEB2ABA198E0079CB55 /* MotherView.swift in Sources */,
				5AEBA7BC2AF200A900B00F22 /* PlatformCompatibility.swift in Sources */,
				5AEF65702AD895BF00410C7F /* View+NavigationLink.swift in Sources */,
				5A22947F2AD5051800A2EF46 /* Color+AppColors.swift in Sources */,
				5A2294452AD4FD7700A2EF46 /* Font+CustomFonts.swift in Sources */,
				5A4A0C242AD10EC300D1E84C /* Parser.swift in Sources */,
				5A6533792AF29EAB00F08503 /* UIWindow+ScreenSize.swift in Sources */,
				5AEF65782AD8999000410C7F /* LogoView.swift in Sources */,
				5A5EBE8D2ADCCA6200B20428 /* ArticleListView.swift in Sources */,
				5AD9CB0B2ABB66230079CB55 /* ArticleCategory.swift in Sources */,
				5AD9CB102ABB69E30079CB55 /* Author.swift in Sources */,
				5AD9CB032ABA1E150079CB55 /* WebFilter.swift in Sources */,
				5A4A0C302AD25A4F00D1E84C /* FilterUtils.swift in Sources */,
				5A92D5552AF5FD2C003D862E /* ArticleView.swift in Sources */,
			);
			runOnlyForDeploymentPostprocessing = 0;
		};
		5AC37BE02AB94E4100A74AAD /* Sources */ = {
			isa = PBXSourcesBuildPhase;
			buildActionMask = 2147483647;
			files = (
				5A22942E2AD4CB4D00A2EF46 /* URL+CustomTypes.swift in Sources */,
				5A65338B2AF4040F00F08503 /* ArticleCategoryTests.swift in Sources */,
				5A6533812AF2C6FF00F08503 /* LogoView.swift in Sources */,
				5A65337B2AF2C6C500F08503 /* ArticleListViewModel.swift in Sources */,
				5A65338E2AF4040F00F08503 /* ParserTests.swift in Sources */,
				5A6533892AF4040800F08503 /* AsynchronousTestHelpers.swift in Sources */,
				5A65337A2AF2C6B500F08503 /* ArticleListView.swift in Sources */,
				5A65337C2AF2C6CC00F08503 /* ArticleListItem.swift in Sources */,
				5A22942F2AD4CB4D00A2EF46 /* FilterUtils.swift in Sources */,
				5A65338C2AF4040F00F08503 /* WebFilterTests.swift in Sources */,
				5A6533802AF2C6FF00F08503 /* View+NavigationLink.swift in Sources */,
				5A2294312AD4CB4D00A2EF46 /* WebFilter.swift in Sources */,
				5A2294322AD4CB4D00A2EF46 /* APIClient.swift in Sources */,
				5A6533832AF2C6FF00F08503 /* Color+AppColors.swift in Sources */,
				5A2294332AD4CB4D00A2EF46 /* Parser.swift in Sources */,
				5A935E282AF4A09E00132588 /* URLHelper.swift in Sources */,
				5A65338F2AF4041200F08503 /* SkierScribblerTests.swift in Sources */,
				5A2294342AD4CB4D00A2EF46 /* Author.swift in Sources */,
				5A65338D2AF4040F00F08503 /* APIClientTests.swift in Sources */,
				5A65337E2AF2C6FF00F08503 /* PlatformCompatibility.swift in Sources */,
				5A2294352AD4CB4D00A2EF46 /* Article.swift in Sources */,
				5A6533842AF2C6FF00F08503 /* UIWindow+ScreenSize.swift in Sources */,
				5A2294362AD4CB4D00A2EF46 /* ArticleCategory.swift in Sources */,
				5A65337D2AF2C6D400F08503 /* GeoFrame.swift in Sources */,
				5A2294372AD4CB4D00A2EF46 /* MotherView.swift in Sources */,
				5A6533882AF403E600F08503 /* URL+CustomTypesTests.swift in Sources */,
				5A65338A2AF4040F00F08503 /* ArticleTests.swift in Sources */,
				5A65337F2AF2C6FF00F08503 /* Text+Alignment.swift in Sources */,
				5A6533822AF2C6FF00F08503 /* Font+CustomFonts.swift in Sources */,
				5A2294382AD4CB4D00A2EF46 /* SkierScribblerApp.swift in Sources */,
			);
			runOnlyForDeploymentPostprocessing = 0;
		};
		5AC37BEA2AB94E4100A74AAD /* Sources */ = {
			isa = PBXSourcesBuildPhase;
			buildActionMask = 2147483647;
			files = (
				5AD9CAF32ABA19FD0079CB55 /* SkierScribblerUITestsLaunchTests.swift in Sources */,
				5AD9CAF22ABA19FD0079CB55 /* SkierScribblerUITests.swift in Sources */,
			);
			runOnlyForDeploymentPostprocessing = 0;
		};
/* End PBXSourcesBuildPhase section */

/* Begin PBXTargetDependency section */
		5AC37BE62AB94E4100A74AAD /* PBXTargetDependency */ = {
			isa = PBXTargetDependency;
			target = 5AC37BD32AB94E3800A74AAD /* SkierScribbler */;
			targetProxy = 5AC37BE52AB94E4100A74AAD /* PBXContainerItemProxy */;
		};
		5AC37BF02AB94E4100A74AAD /* PBXTargetDependency */ = {
			isa = PBXTargetDependency;
			target = 5AC37BD32AB94E3800A74AAD /* SkierScribbler */;
			targetProxy = 5AC37BEF2AB94E4100A74AAD /* PBXContainerItemProxy */;
		};
/* End PBXTargetDependency section */

/* Begin XCBuildConfiguration section */
		5AC37BF62AB94E4100A74AAD /* Debug */ = {
			isa = XCBuildConfiguration;
			buildSettings = {
				ALWAYS_SEARCH_USER_PATHS = NO;
				ASSETCATALOG_COMPILER_GENERATE_SWIFT_ASSET_SYMBOL_EXTENSIONS = YES;
				CLANG_ANALYZER_NONNULL = YES;
				CLANG_ANALYZER_NUMBER_OBJECT_CONVERSION = YES_AGGRESSIVE;
				CLANG_CXX_LANGUAGE_STANDARD = "gnu++20";
				CLANG_ENABLE_MODULES = YES;
				CLANG_ENABLE_OBJC_ARC = YES;
				CLANG_ENABLE_OBJC_WEAK = YES;
				CLANG_WARN_BLOCK_CAPTURE_AUTORELEASING = YES;
				CLANG_WARN_BOOL_CONVERSION = YES;
				CLANG_WARN_COMMA = YES;
				CLANG_WARN_CONSTANT_CONVERSION = YES;
				CLANG_WARN_DEPRECATED_OBJC_IMPLEMENTATIONS = YES;
				CLANG_WARN_DIRECT_OBJC_ISA_USAGE = YES_ERROR;
				CLANG_WARN_DOCUMENTATION_COMMENTS = YES;
				CLANG_WARN_EMPTY_BODY = YES;
				CLANG_WARN_ENUM_CONVERSION = YES;
				CLANG_WARN_INFINITE_RECURSION = YES;
				CLANG_WARN_INT_CONVERSION = YES;
				CLANG_WARN_NON_LITERAL_NULL_CONVERSION = YES;
				CLANG_WARN_OBJC_IMPLICIT_RETAIN_SELF = YES;
				CLANG_WARN_OBJC_LITERAL_CONVERSION = YES;
				CLANG_WARN_OBJC_ROOT_CLASS = YES_ERROR;
				CLANG_WARN_QUOTED_INCLUDE_IN_FRAMEWORK_HEADER = YES;
				CLANG_WARN_RANGE_LOOP_ANALYSIS = YES;
				CLANG_WARN_STRICT_PROTOTYPES = YES;
				CLANG_WARN_SUSPICIOUS_MOVE = YES;
				CLANG_WARN_UNGUARDED_AVAILABILITY = YES_AGGRESSIVE;
				CLANG_WARN_UNREACHABLE_CODE = YES;
				CLANG_WARN__DUPLICATE_METHOD_MATCH = YES;
				COPY_PHASE_STRIP = NO;
				DEBUG_INFORMATION_FORMAT = dwarf;
				ENABLE_STRICT_OBJC_MSGSEND = YES;
				ENABLE_TESTABILITY = YES;
				ENABLE_USER_SCRIPT_SANDBOXING = YES;
				GCC_C_LANGUAGE_STANDARD = gnu17;
				GCC_DYNAMIC_NO_PIC = NO;
				GCC_NO_COMMON_BLOCKS = YES;
				GCC_OPTIMIZATION_LEVEL = 0;
				GCC_PREPROCESSOR_DEFINITIONS = (
					"DEBUG=1",
					"$(inherited)",
				);
				GCC_WARN_64_TO_32_BIT_CONVERSION = YES;
				GCC_WARN_ABOUT_RETURN_TYPE = YES_ERROR;
				GCC_WARN_UNDECLARED_SELECTOR = YES;
				GCC_WARN_UNINITIALIZED_AUTOS = YES_AGGRESSIVE;
				GCC_WARN_UNUSED_FUNCTION = YES;
				GCC_WARN_UNUSED_VARIABLE = YES;
				IPHONEOS_DEPLOYMENT_TARGET = 17.0;
				LOCALIZATION_PREFERS_STRING_CATALOGS = YES;
				MTL_ENABLE_DEBUG_INFO = INCLUDE_SOURCE;
				MTL_FAST_MATH = YES;
				ONLY_ACTIVE_ARCH = YES;
				SDKROOT = iphoneos;
				SWIFT_ACTIVE_COMPILATION_CONDITIONS = "DEBUG $(inherited)";
				SWIFT_OPTIMIZATION_LEVEL = "-Onone";
			};
			name = Debug;
		};
		5AC37BF72AB94E4100A74AAD /* Release */ = {
			isa = XCBuildConfiguration;
			buildSettings = {
				ALWAYS_SEARCH_USER_PATHS = NO;
				ASSETCATALOG_COMPILER_GENERATE_SWIFT_ASSET_SYMBOL_EXTENSIONS = YES;
				CLANG_ANALYZER_NONNULL = YES;
				CLANG_ANALYZER_NUMBER_OBJECT_CONVERSION = YES_AGGRESSIVE;
				CLANG_CXX_LANGUAGE_STANDARD = "gnu++20";
				CLANG_ENABLE_MODULES = YES;
				CLANG_ENABLE_OBJC_ARC = YES;
				CLANG_ENABLE_OBJC_WEAK = YES;
				CLANG_WARN_BLOCK_CAPTURE_AUTORELEASING = YES;
				CLANG_WARN_BOOL_CONVERSION = YES;
				CLANG_WARN_COMMA = YES;
				CLANG_WARN_CONSTANT_CONVERSION = YES;
				CLANG_WARN_DEPRECATED_OBJC_IMPLEMENTATIONS = YES;
				CLANG_WARN_DIRECT_OBJC_ISA_USAGE = YES_ERROR;
				CLANG_WARN_DOCUMENTATION_COMMENTS = YES;
				CLANG_WARN_EMPTY_BODY = YES;
				CLANG_WARN_ENUM_CONVERSION = YES;
				CLANG_WARN_INFINITE_RECURSION = YES;
				CLANG_WARN_INT_CONVERSION = YES;
				CLANG_WARN_NON_LITERAL_NULL_CONVERSION = YES;
				CLANG_WARN_OBJC_IMPLICIT_RETAIN_SELF = YES;
				CLANG_WARN_OBJC_LITERAL_CONVERSION = YES;
				CLANG_WARN_OBJC_ROOT_CLASS = YES_ERROR;
				CLANG_WARN_QUOTED_INCLUDE_IN_FRAMEWORK_HEADER = YES;
				CLANG_WARN_RANGE_LOOP_ANALYSIS = YES;
				CLANG_WARN_STRICT_PROTOTYPES = YES;
				CLANG_WARN_SUSPICIOUS_MOVE = YES;
				CLANG_WARN_UNGUARDED_AVAILABILITY = YES_AGGRESSIVE;
				CLANG_WARN_UNREACHABLE_CODE = YES;
				CLANG_WARN__DUPLICATE_METHOD_MATCH = YES;
				COPY_PHASE_STRIP = NO;
				DEBUG_INFORMATION_FORMAT = "dwarf-with-dsym";
				ENABLE_NS_ASSERTIONS = NO;
				ENABLE_STRICT_OBJC_MSGSEND = YES;
				ENABLE_USER_SCRIPT_SANDBOXING = YES;
				GCC_C_LANGUAGE_STANDARD = gnu17;
				GCC_NO_COMMON_BLOCKS = YES;
				GCC_WARN_64_TO_32_BIT_CONVERSION = YES;
				GCC_WARN_ABOUT_RETURN_TYPE = YES_ERROR;
				GCC_WARN_UNDECLARED_SELECTOR = YES;
				GCC_WARN_UNINITIALIZED_AUTOS = YES_AGGRESSIVE;
				GCC_WARN_UNUSED_FUNCTION = YES;
				GCC_WARN_UNUSED_VARIABLE = YES;
				IPHONEOS_DEPLOYMENT_TARGET = 17.0;
				LOCALIZATION_PREFERS_STRING_CATALOGS = YES;
				MTL_ENABLE_DEBUG_INFO = NO;
				MTL_FAST_MATH = YES;
				SDKROOT = iphoneos;
				SWIFT_COMPILATION_MODE = wholemodule;
				VALIDATE_PRODUCT = YES;
			};
			name = Release;
		};
		5AC37BF92AB94E4100A74AAD /* Debug */ = {
			isa = XCBuildConfiguration;
			buildSettings = {
				ASSETCATALOG_COMPILER_APPICON_NAME = AppIcon;
				ASSETCATALOG_COMPILER_GLOBAL_ACCENT_COLOR_NAME = AccentColor;
				CODE_SIGN_ENTITLEMENTS = SkierScribbler/SkierScribbler.entitlements;
				CODE_SIGN_STYLE = Automatic;
				CURRENT_PROJECT_VERSION = 1;
				DEVELOPMENT_ASSET_PATHS = "\"SkierScribbler/Resources/Preview Content\"";
				DEVELOPMENT_TEAM = 2PJJAJFV32;
				ENABLE_PREVIEWS = YES;
				ENABLE_USER_SCRIPT_SANDBOXING = NO;
				GENERATE_INFOPLIST_FILE = YES;
				INFOPLIST_FILE = SkierScribbler/Info.plist;
				INFOPLIST_KEY_CFBundleDisplayName = "Skier Scribbler";
				INFOPLIST_KEY_UIApplicationSceneManifest_Generation = YES;
				INFOPLIST_KEY_UIApplicationSupportsIndirectInputEvents = YES;
				INFOPLIST_KEY_UILaunchScreen_Generation = YES;
				INFOPLIST_KEY_UISupportedInterfaceOrientations_iPad = "UIInterfaceOrientationPortrait UIInterfaceOrientationPortraitUpsideDown UIInterfaceOrientationLandscapeLeft UIInterfaceOrientationLandscapeRight";
				INFOPLIST_KEY_UISupportedInterfaceOrientations_iPhone = "UIInterfaceOrientationPortrait UIInterfaceOrientationLandscapeLeft UIInterfaceOrientationLandscapeRight";
				LD_RUNPATH_SEARCH_PATHS = (
					"$(inherited)",
					"@executable_path/Frameworks",
				);
				MARKETING_VERSION = 1.0;
				PRODUCT_BUNDLE_IDENTIFIER = llc.Creations.OCA.SkierScribbler;
				PRODUCT_NAME = "$(TARGET_NAME)";
				SUPPORTED_PLATFORMS = "iphoneos iphonesimulator";
				SUPPORTS_MACCATALYST = YES;
				SUPPORTS_MAC_DESIGNED_FOR_IPHONE_IPAD = NO;
				SWIFT_EMIT_LOC_STRINGS = YES;
				SWIFT_VERSION = 5.0;
				TARGETED_DEVICE_FAMILY = "1,2";
			};
			name = Debug;
		};
		5AC37BFA2AB94E4100A74AAD /* Release */ = {
			isa = XCBuildConfiguration;
			buildSettings = {
				ASSETCATALOG_COMPILER_APPICON_NAME = AppIcon;
				ASSETCATALOG_COMPILER_GLOBAL_ACCENT_COLOR_NAME = AccentColor;
				CODE_SIGN_ENTITLEMENTS = SkierScribbler/SkierScribbler.entitlements;
				CODE_SIGN_STYLE = Automatic;
				CURRENT_PROJECT_VERSION = 1;
				DEVELOPMENT_ASSET_PATHS = "\"SkierScribbler/Resources/Preview Content\"";
				DEVELOPMENT_TEAM = 2PJJAJFV32;
				ENABLE_PREVIEWS = YES;
				ENABLE_USER_SCRIPT_SANDBOXING = NO;
				GENERATE_INFOPLIST_FILE = YES;
				INFOPLIST_FILE = SkierScribbler/Info.plist;
				INFOPLIST_KEY_CFBundleDisplayName = "Skier Scribbler";
				INFOPLIST_KEY_UIApplicationSceneManifest_Generation = YES;
				INFOPLIST_KEY_UIApplicationSupportsIndirectInputEvents = YES;
				INFOPLIST_KEY_UILaunchScreen_Generation = YES;
				INFOPLIST_KEY_UISupportedInterfaceOrientations_iPad = "UIInterfaceOrientationPortrait UIInterfaceOrientationPortraitUpsideDown UIInterfaceOrientationLandscapeLeft UIInterfaceOrientationLandscapeRight";
				INFOPLIST_KEY_UISupportedInterfaceOrientations_iPhone = "UIInterfaceOrientationPortrait UIInterfaceOrientationLandscapeLeft UIInterfaceOrientationLandscapeRight";
				LD_RUNPATH_SEARCH_PATHS = (
					"$(inherited)",
					"@executable_path/Frameworks",
				);
				MARKETING_VERSION = 1.0;
				PRODUCT_BUNDLE_IDENTIFIER = llc.Creations.OCA.SkierScribbler;
				PRODUCT_NAME = "$(TARGET_NAME)";
				SUPPORTED_PLATFORMS = "iphoneos iphonesimulator";
				SUPPORTS_MACCATALYST = YES;
				SUPPORTS_MAC_DESIGNED_FOR_IPHONE_IPAD = NO;
				SWIFT_EMIT_LOC_STRINGS = YES;
				SWIFT_VERSION = 5.0;
				TARGETED_DEVICE_FAMILY = "1,2";
			};
			name = Release;
		};
		5AC37BFC2AB94E4100A74AAD /* Debug */ = {
			isa = XCBuildConfiguration;
			buildSettings = {
				ALWAYS_EMBED_SWIFT_STANDARD_LIBRARIES = YES;
				BUNDLE_LOADER = "$(TEST_HOST)";
				CODE_SIGN_STYLE = Automatic;
				CURRENT_PROJECT_VERSION = 1;
				DEVELOPMENT_TEAM = 2PJJAJFV32;
				ENABLE_USER_SCRIPT_SANDBOXING = NO;
				GENERATE_INFOPLIST_FILE = YES;
				IPHONEOS_DEPLOYMENT_TARGET = 17.0;
				MARKETING_VERSION = 1.0;
				PRODUCT_BUNDLE_IDENTIFIER = llc.Creations.OCA.SkierScribblesTests;
				PRODUCT_NAME = "$(TARGET_NAME)";
				SWIFT_EMIT_LOC_STRINGS = NO;
				SWIFT_VERSION = 5.0;
				TARGETED_DEVICE_FAMILY = "1,2";
				TEST_HOST = "$(BUILT_PRODUCTS_DIR)/SkierScribbler.app/$(BUNDLE_EXECUTABLE_FOLDER_PATH)/SkierScribbler";
			};
			name = Debug;
		};
		5AC37BFD2AB94E4100A74AAD /* Release */ = {
			isa = XCBuildConfiguration;
			buildSettings = {
				ALWAYS_EMBED_SWIFT_STANDARD_LIBRARIES = YES;
				BUNDLE_LOADER = "$(TEST_HOST)";
				CODE_SIGN_STYLE = Automatic;
				CURRENT_PROJECT_VERSION = 1;
				DEVELOPMENT_TEAM = 2PJJAJFV32;
				ENABLE_USER_SCRIPT_SANDBOXING = NO;
				GENERATE_INFOPLIST_FILE = YES;
				IPHONEOS_DEPLOYMENT_TARGET = 17.0;
				MARKETING_VERSION = 1.0;
				PRODUCT_BUNDLE_IDENTIFIER = llc.Creations.OCA.SkierScribblesTests;
				PRODUCT_NAME = "$(TARGET_NAME)";
				SWIFT_EMIT_LOC_STRINGS = NO;
				SWIFT_VERSION = 5.0;
				TARGETED_DEVICE_FAMILY = "1,2";
				TEST_HOST = "$(BUILT_PRODUCTS_DIR)/SkierScribbler.app/$(BUNDLE_EXECUTABLE_FOLDER_PATH)/SkierScribbler";
			};
			name = Release;
		};
		5AC37BFF2AB94E4100A74AAD /* Debug */ = {
			isa = XCBuildConfiguration;
			buildSettings = {
				ALWAYS_EMBED_SWIFT_STANDARD_LIBRARIES = YES;
				CODE_SIGN_STYLE = Automatic;
				CURRENT_PROJECT_VERSION = 1;
				DEVELOPMENT_TEAM = 2PJJAJFV32;
				ENABLE_USER_SCRIPT_SANDBOXING = NO;
				GENERATE_INFOPLIST_FILE = YES;
				MARKETING_VERSION = 1.0;
				PRODUCT_BUNDLE_IDENTIFIER = llc.Creations.OCA.SkierScribblesUITests;
				PRODUCT_NAME = "$(TARGET_NAME)";
				SWIFT_EMIT_LOC_STRINGS = NO;
				SWIFT_VERSION = 5.0;
				TARGETED_DEVICE_FAMILY = "1,2";
				TEST_TARGET_NAME = SkierScribbles;
			};
			name = Debug;
		};
		5AC37C002AB94E4100A74AAD /* Release */ = {
			isa = XCBuildConfiguration;
			buildSettings = {
				ALWAYS_EMBED_SWIFT_STANDARD_LIBRARIES = YES;
				CODE_SIGN_STYLE = Automatic;
				CURRENT_PROJECT_VERSION = 1;
				DEVELOPMENT_TEAM = 2PJJAJFV32;
				ENABLE_USER_SCRIPT_SANDBOXING = NO;
				GENERATE_INFOPLIST_FILE = YES;
				MARKETING_VERSION = 1.0;
				PRODUCT_BUNDLE_IDENTIFIER = llc.Creations.OCA.SkierScribblesUITests;
				PRODUCT_NAME = "$(TARGET_NAME)";
				SWIFT_EMIT_LOC_STRINGS = NO;
				SWIFT_VERSION = 5.0;
				TARGETED_DEVICE_FAMILY = "1,2";
				TEST_TARGET_NAME = SkierScribbles;
			};
			name = Release;
		};
/* End XCBuildConfiguration section */

/* Begin XCConfigurationList section */
		5AC37BCF2AB94E3800A74AAD /* Build configuration list for PBXProject "SkierScribbler" */ = {
			isa = XCConfigurationList;
			buildConfigurations = (
				5AC37BF62AB94E4100A74AAD /* Debug */,
				5AC37BF72AB94E4100A74AAD /* Release */,
			);
			defaultConfigurationIsVisible = 0;
			defaultConfigurationName = Release;
		};
		5AC37BF82AB94E4100A74AAD /* Build configuration list for PBXNativeTarget "SkierScribbler" */ = {
			isa = XCConfigurationList;
			buildConfigurations = (
				5AC37BF92AB94E4100A74AAD /* Debug */,
				5AC37BFA2AB94E4100A74AAD /* Release */,
			);
			defaultConfigurationIsVisible = 0;
			defaultConfigurationName = Release;
		};
		5AC37BFB2AB94E4100A74AAD /* Build configuration list for PBXNativeTarget "SkierScribblerTests" */ = {
			isa = XCConfigurationList;
			buildConfigurations = (
				5AC37BFC2AB94E4100A74AAD /* Debug */,
				5AC37BFD2AB94E4100A74AAD /* Release */,
			);
			defaultConfigurationIsVisible = 0;
			defaultConfigurationName = Release;
		};
		5AC37BFE2AB94E4100A74AAD /* Build configuration list for PBXNativeTarget "SkierScribblerUITests" */ = {
			isa = XCConfigurationList;
			buildConfigurations = (
				5AC37BFF2AB94E4100A74AAD /* Debug */,
				5AC37C002AB94E4100A74AAD /* Release */,
			);
			defaultConfigurationIsVisible = 0;
			defaultConfigurationName = Release;
		};
/* End XCConfigurationList section */

/* Begin XCRemoteSwiftPackageReference section */
		5A22943F2AD4FA4A00A2EF46 /* XCRemoteSwiftPackageReference "FontBlaster" */ = {
			isa = XCRemoteSwiftPackageReference;
			repositoryURL = "https://github.com/ArtSabintsev/FontBlaster.git";
			requirement = {
				kind = upToNextMajorVersion;
				minimumVersion = 5.3.0;
			};
		};
		5AD9CAF42ABA1B490079CB55 /* XCRemoteSwiftPackageReference "SwiftSoup" */ = {
			isa = XCRemoteSwiftPackageReference;
			repositoryURL = "https://github.com/scinfu/SwiftSoup";
			requirement = {
				kind = upToNextMajorVersion;
				minimumVersion = 2.6.1;
			};
		};
/* End XCRemoteSwiftPackageReference section */

/* Begin XCSwiftPackageProductDependency section */
		5A22943B2AD4CBBA00A2EF46 /* SwiftSoup */ = {
			isa = XCSwiftPackageProductDependency;
			package = 5AD9CAF42ABA1B490079CB55 /* XCRemoteSwiftPackageReference "SwiftSoup" */;
			productName = SwiftSoup;
		};
		5A2294402AD4FA4A00A2EF46 /* FontBlaster */ = {
			isa = XCSwiftPackageProductDependency;
			package = 5A22943F2AD4FA4A00A2EF46 /* XCRemoteSwiftPackageReference "FontBlaster" */;
			productName = FontBlaster;
		};
		5AD9CAF52ABA1B490079CB55 /* SwiftSoup */ = {
			isa = XCSwiftPackageProductDependency;
			package = 5AD9CAF42ABA1B490079CB55 /* XCRemoteSwiftPackageReference "SwiftSoup" */;
			productName = SwiftSoup;
		};
/* End XCSwiftPackageProductDependency section */
	};
	rootObject = 5AC37BCC2AB94E3800A74AAD /* Project object */;
}
